
Microsoft Visual Studio Solution File, Format Version 12.00
# Visual Studio Version 16
VisualStudioVersion = 16.0.29418.71
MinimumVisualStudioVersion = 10.0.40219.1
Project("{FAE04EC0-301F-11D3-BF4B-00C04F79EFBC}") = "StreamR.UWP", "StreamR\StreamR.UWP\StreamR.UWP.csproj", "{ED91E065-FA6A-477C-B13F-8604158D0B77}"
EndProject
Project("{FAE04EC0-301F-11D3-BF4B-00C04F79EFBC}") = "StreamR.Android", "StreamR\StreamR.Android\StreamR.Android.csproj", "{055C89FD-3F38-4B9A-BB0E-D3B093CE7788}"
EndProject
Project("{FAE04EC0-301F-11D3-BF4B-00C04F79EFBC}") = "StreamR.iOS", "StreamR\StreamR.iOS\StreamR.iOS.csproj", "{61BE5C44-BF83-4D48-B6DA-F29C1B6A6D95}"
EndProject
Project("{FAE04EC0-301F-11D3-BF4B-00C04F79EFBC}") = "StreamR", "StreamR\StreamR\StreamR.csproj", "{3905432B-EFEA-4F07-8AF8-5D356F505956}"
EndProject
Project("{FAE04EC0-301F-11D3-BF4B-00C04F79EFBC}") = "StreamR.Backend", "StreamR.Backend\StreamR.Backend.csproj", "{0C553304-2959-44D7-92D5-597950B71CCE}"
EndProject
Project("{FAE04EC0-301F-11D3-BF4B-00C04F79EFBC}") = "StreamR.Tests", "StreamR.Tests\StreamR.Tests.csproj", "{E2B8BDE3-0BEF-4EE0-A12C-440D0D03F453}"
EndProject
Global
	GlobalSection(SolutionConfigurationPlatforms) = preSolution
		Debug|Any CPU = Debug|Any CPU
		Debug|ARM = Debug|ARM
		Debug|iPhone = Debug|iPhone
		Debug|iPhoneSimulator = Debug|iPhoneSimulator
		Debug|x64 = Debug|x64
		Debug|x86 = Debug|x86
		Release|Any CPU = Release|Any CPU
		Release|ARM = Release|ARM
		Release|iPhone = Release|iPhone
		Release|iPhoneSimulator = Release|iPhoneSimulator
		Release|x64 = Release|x64
		Release|x86 = Release|x86
	EndGlobalSection
	GlobalSection(ProjectConfigurationPlatforms) = postSolution
		{ED91E065-FA6A-477C-B13F-8604158D0B77}.Debug|Any CPU.ActiveCfg = Debug|x86
		{ED91E065-FA6A-477C-B13F-8604158D0B77}.Debug|Any CPU.Build.0 = Debug|x86
		{ED91E065-FA6A-477C-B13F-8604158D0B77}.Debug|Any CPU.Deploy.0 = Debug|x86
		{ED91E065-FA6A-477C-B13F-8604158D0B77}.Debug|ARM.ActiveCfg = Debug|ARM
		{ED91E065-FA6A-477C-B13F-8604158D0B77}.Debug|ARM.Build.0 = Debug|ARM
		{ED91E065-FA6A-477C-B13F-8604158D0B77}.Debug|ARM.Deploy.0 = Debug|ARM
		{ED91E065-FA6A-477C-B13F-8604158D0B77}.Debug|iPhone.ActiveCfg = Debug|x86
		{ED91E065-FA6A-477C-B13F-8604158D0B77}.Debug|iPhone.Build.0 = Debug|x86
		{ED91E065-FA6A-477C-B13F-8604158D0B77}.Debug|iPhone.Deploy.0 = Debug|x86
		{ED91E065-FA6A-477C-B13F-8604158D0B77}.Debug|iPhoneSimulator.ActiveCfg = Debug|x86
		{ED91E065-FA6A-477C-B13F-8604158D0B77}.Debug|iPhoneSimulator.Build.0 = Debug|x86
		{ED91E065-FA6A-477C-B13F-8604158D0B77}.Debug|iPhoneSimulator.Deploy.0 = Debug|x86
		{ED91E065-FA6A-477C-B13F-8604158D0B77}.Debug|x64.ActiveCfg = Debug|x64
		{ED91E065-FA6A-477C-B13F-8604158D0B77}.Debug|x64.Build.0 = Debug|x64
		{ED91E065-FA6A-477C-B13F-8604158D0B77}.Debug|x64.Deploy.0 = Debug|x64
		{ED91E065-FA6A-477C-B13F-8604158D0B77}.Debug|x86.ActiveCfg = Debug|x86
		{ED91E065-FA6A-477C-B13F-8604158D0B77}.Debug|x86.Build.0 = Debug|x86
		{ED91E065-FA6A-477C-B13F-8604158D0B77}.Debug|x86.Deploy.0 = Debug|x86
		{ED91E065-FA6A-477C-B13F-8604158D0B77}.Release|Any CPU.ActiveCfg = Release|x86
		{ED91E065-FA6A-477C-B13F-8604158D0B77}.Release|Any CPU.Build.0 = Release|x86
		{ED91E065-FA6A-477C-B13F-8604158D0B77}.Release|Any CPU.Deploy.0 = Release|x86
		{ED91E065-FA6A-477C-B13F-8604158D0B77}.Release|ARM.ActiveCfg = Release|ARM
		{ED91E065-FA6A-477C-B13F-8604158D0B77}.Release|ARM.Build.0 = Release|ARM
		{ED91E065-FA6A-477C-B13F-8604158D0B77}.Release|ARM.Deploy.0 = Release|ARM
		{ED91E065-FA6A-477C-B13F-8604158D0B77}.Release|iPhone.ActiveCfg = Release|x86
		{ED91E065-FA6A-477C-B13F-8604158D0B77}.Release|iPhone.Build.0 = Release|x86
		{ED91E065-FA6A-477C-B13F-8604158D0B77}.Release|iPhone.Deploy.0 = Release|x86
		{ED91E065-FA6A-477C-B13F-8604158D0B77}.Release|iPhoneSimulator.ActiveCfg = Release|x86
		{ED91E065-FA6A-477C-B13F-8604158D0B77}.Release|iPhoneSimulator.Build.0 = Release|x86
		{ED91E065-FA6A-477C-B13F-8604158D0B77}.Release|iPhoneSimulator.Deploy.0 = Release|x86
		{ED91E065-FA6A-477C-B13F-8604158D0B77}.Release|x64.ActiveCfg = Release|x64
		{ED91E065-FA6A-477C-B13F-8604158D0B77}.Release|x64.Build.0 = Release|x64
		{ED91E065-FA6A-477C-B13F-8604158D0B77}.Release|x64.Deploy.0 = Release|x64
		{ED91E065-FA6A-477C-B13F-8604158D0B77}.Release|x86.ActiveCfg = Release|x86
		{ED91E065-FA6A-477C-B13F-8604158D0B77}.Release|x86.Build.0 = Release|x86
		{ED91E065-FA6A-477C-B13F-8604158D0B77}.Release|x86.Deploy.0 = Release|x86
		{055C89FD-3F38-4B9A-BB0E-D3B093CE7788}.Debug|Any CPU.ActiveCfg = Debug|Any CPU
		{055C89FD-3F38-4B9A-BB0E-D3B093CE7788}.Debug|Any CPU.Build.0 = Debug|Any CPU
		{055C89FD-3F38-4B9A-BB0E-D3B093CE7788}.Debug|Any CPU.Deploy.0 = Debug|Any CPU
		{055C89FD-3F38-4B9A-BB0E-D3B093CE7788}.Debug|ARM.ActiveCfg = Debug|Any CPU
		{055C89FD-3F38-4B9A-BB0E-D3B093CE7788}.Debug|ARM.Build.0 = Debug|Any CPU
		{055C89FD-3F38-4B9A-BB0E-D3B093CE7788}.Debug|ARM.Deploy.0 = Debug|Any CPU
		{055C89FD-3F38-4B9A-BB0E-D3B093CE7788}.Debug|iPhone.ActiveCfg = Debug|Any CPU
		{055C89FD-3F38-4B9A-BB0E-D3B093CE7788}.Debug|iPhone.Build.0 = Debug|Any CPU
		{055C89FD-3F38-4B9A-BB0E-D3B093CE7788}.Debug|iPhone.Deploy.0 = Debug|Any CPU
		{055C89FD-3F38-4B9A-BB0E-D3B093CE7788}.Debug|iPhoneSimulator.ActiveCfg = Debug|Any CPU
		{055C89FD-3F38-4B9A-BB0E-D3B093CE7788}.Debug|iPhoneSimulator.Build.0 = Debug|Any CPU
		{055C89FD-3F38-4B9A-BB0E-D3B093CE7788}.Debug|iPhoneSimulator.Deploy.0 = Debug|Any CPU
		{055C89FD-3F38-4B9A-BB0E-D3B093CE7788}.Debug|x64.ActiveCfg = Debug|Any CPU
		{055C89FD-3F38-4B9A-BB0E-D3B093CE7788}.Debug|x64.Build.0 = Debug|Any CPU
		{055C89FD-3F38-4B9A-BB0E-D3B093CE7788}.Debug|x64.Deploy.0 = Debug|Any CPU
		{055C89FD-3F38-4B9A-BB0E-D3B093CE7788}.Debug|x86.ActiveCfg = Debug|Any CPU
		{055C89FD-3F38-4B9A-BB0E-D3B093CE7788}.Debug|x86.Build.0 = Debug|Any CPU
		{055C89FD-3F38-4B9A-BB0E-D3B093CE7788}.Debug|x86.Deploy.0 = Debug|Any CPU
		{055C89FD-3F38-4B9A-BB0E-D3B093CE7788}.Release|Any CPU.ActiveCfg = Release|Any CPU
		{055C89FD-3F38-4B9A-BB0E-D3B093CE7788}.Release|Any CPU.Build.0 = Release|Any CPU
		{055C89FD-3F38-4B9A-BB0E-D3B093CE7788}.Release|Any CPU.Deploy.0 = Release|Any CPU
		{055C89FD-3F38-4B9A-BB0E-D3B093CE7788}.Release|ARM.ActiveCfg = Release|Any CPU
		{055C89FD-3F38-4B9A-BB0E-D3B093CE7788}.Release|ARM.Build.0 = Release|Any CPU
		{055C89FD-3F38-4B9A-BB0E-D3B093CE7788}.Release|ARM.Deploy.0 = Release|Any CPU
		{055C89FD-3F38-4B9A-BB0E-D3B093CE7788}.Release|iPhone.ActiveCfg = Release|Any CPU
		{055C89FD-3F38-4B9A-BB0E-D3B093CE7788}.Release|iPhone.Build.0 = Release|Any CPU
		{055C89FD-3F38-4B9A-BB0E-D3B093CE7788}.Release|iPhone.Deploy.0 = Release|Any CPU
		{055C89FD-3F38-4B9A-BB0E-D3B093CE7788}.Release|iPhoneSimulator.ActiveCfg = Release|Any CPU
		{055C89FD-3F38-4B9A-BB0E-D3B093CE7788}.Release|iPhoneSimulator.Build.0 = Release|Any CPU
		{055C89FD-3F38-4B9A-BB0E-D3B093CE7788}.Release|iPhoneSimulator.Deploy.0 = Release|Any CPU
		{055C89FD-3F38-4B9A-BB0E-D3B093CE7788}.Release|x64.ActiveCfg = Release|Any CPU
		{055C89FD-3F38-4B9A-BB0E-D3B093CE7788}.Release|x64.Build.0 = Release|Any CPU
		{055C89FD-3F38-4B9A-BB0E-D3B093CE7788}.Release|x64.Deploy.0 = Release|Any CPU
		{055C89FD-3F38-4B9A-BB0E-D3B093CE7788}.Release|x86.ActiveCfg = Release|Any CPU
		{055C89FD-3F38-4B9A-BB0E-D3B093CE7788}.Release|x86.Build.0 = Release|Any CPU
		{055C89FD-3F38-4B9A-BB0E-D3B093CE7788}.Release|x86.Deploy.0 = Release|Any CPU
		{61BE5C44-BF83-4D48-B6DA-F29C1B6A6D95}.Debug|Any CPU.ActiveCfg = Debug|iPhone
		{61BE5C44-BF83-4D48-B6DA-F29C1B6A6D95}.Debug|Any CPU.Build.0 = Debug|iPhone
		{61BE5C44-BF83-4D48-B6DA-F29C1B6A6D95}.Debug|Any CPU.Deploy.0 = Debug|iPhone
		{61BE5C44-BF83-4D48-B6DA-F29C1B6A6D95}.Debug|ARM.ActiveCfg = Debug|iPhoneSimulator
		{61BE5C44-BF83-4D48-B6DA-F29C1B6A6D95}.Debug|ARM.Build.0 = Debug|iPhoneSimulator
		{61BE5C44-BF83-4D48-B6DA-F29C1B6A6D95}.Debug|ARM.Deploy.0 = Debug|iPhoneSimulator
		{61BE5C44-BF83-4D48-B6DA-F29C1B6A6D95}.Debug|iPhone.ActiveCfg = Debug|iPhone
		{61BE5C44-BF83-4D48-B6DA-F29C1B6A6D95}.Debug|iPhone.Build.0 = Debug|iPhone
		{61BE5C44-BF83-4D48-B6DA-F29C1B6A6D95}.Debug|iPhone.Deploy.0 = Debug|iPhone
		{61BE5C44-BF83-4D48-B6DA-F29C1B6A6D95}.Debug|iPhoneSimulator.ActiveCfg = Debug|iPhoneSimulator
		{61BE5C44-BF83-4D48-B6DA-F29C1B6A6D95}.Debug|iPhoneSimulator.Build.0 = Debug|iPhoneSimulator
		{61BE5C44-BF83-4D48-B6DA-F29C1B6A6D95}.Debug|iPhoneSimulator.Deploy.0 = Debug|iPhoneSimulator
		{61BE5C44-BF83-4D48-B6DA-F29C1B6A6D95}.Debug|x64.ActiveCfg = Debug|iPhone
		{61BE5C44-BF83-4D48-B6DA-F29C1B6A6D95}.Debug|x64.Build.0 = Debug|iPhone
		{61BE5C44-BF83-4D48-B6DA-F29C1B6A6D95}.Debug|x64.Deploy.0 = Debug|iPhone
		{61BE5C44-BF83-4D48-B6DA-F29C1B6A6D95}.Debug|x86.ActiveCfg = Debug|iPhone
		{61BE5C44-BF83-4D48-B6DA-F29C1B6A6D95}.Debug|x86.Build.0 = Debug|iPhone
		{61BE5C44-BF83-4D48-B6DA-F29C1B6A6D95}.Debug|x86.Deploy.0 = Debug|iPhone
		{61BE5C44-BF83-4D48-B6DA-F29C1B6A6D95}.Release|Any CPU.ActiveCfg = Release|iPhone
		{61BE5C44-BF83-4D48-B6DA-F29C1B6A6D95}.Release|Any CPU.Build.0 = Release|iPhone
		{61BE5C44-BF83-4D48-B6DA-F29C1B6A6D95}.Release|Any CPU.Deploy.0 = Release|iPhone
		{61BE5C44-BF83-4D48-B6DA-F29C1B6A6D95}.Release|ARM.ActiveCfg = Release|iPhone
		{61BE5C44-BF83-4D48-B6DA-F29C1B6A6D95}.Release|ARM.Build.0 = Release|iPhone
		{61BE5C44-BF83-4D48-B6DA-F29C1B6A6D95}.Release|ARM.Deploy.0 = Release|iPhone
		{61BE5C44-BF83-4D48-B6DA-F29C1B6A6D95}.Release|iPhone.ActiveCfg = Release|iPhone
		{61BE5C44-BF83-4D48-B6DA-F29C1B6A6D95}.Release|iPhone.Build.0 = Release|iPhone
		{61BE5C44-BF83-4D48-B6DA-F29C1B6A6D95}.Release|iPhone.Deploy.0 = Release|iPhone
		{61BE5C44-BF83-4D48-B6DA-F29C1B6A6D95}.Release|iPhoneSimulator.ActiveCfg = Release|iPhoneSimulator
		{61BE5C44-BF83-4D48-B6DA-F29C1B6A6D95}.Release|iPhoneSimulator.Build.0 = Release|iPhoneSimulator
		{61BE5C44-BF83-4D48-B6DA-F29C1B6A6D95}.Release|iPhoneSimulator.Deploy.0 = Release|iPhoneSimulator
		{61BE5C44-BF83-4D48-B6DA-F29C1B6A6D95}.Release|x64.ActiveCfg = Release|iPhone
		{61BE5C44-BF83-4D48-B6DA-F29C1B6A6D95}.Release|x64.Build.0 = Release|iPhone
		{61BE5C44-BF83-4D48-B6DA-F29C1B6A6D95}.Release|x64.Deploy.0 = Release|iPhone
		{61BE5C44-BF83-4D48-B6DA-F29C1B6A6D95}.Release|x86.ActiveCfg = Release|iPhone
		{61BE5C44-BF83-4D48-B6DA-F29C1B6A6D95}.Release|x86.Build.0 = Release|iPhone
		{61BE5C44-BF83-4D48-B6DA-F29C1B6A6D95}.Release|x86.Deploy.0 = Release|iPhone
		{3905432B-EFEA-4F07-8AF8-5D356F505956}.Debug|Any CPU.ActiveCfg = Debug|Any CPU
		{3905432B-EFEA-4F07-8AF8-5D356F505956}.Debug|Any CPU.Build.0 = Debug|Any CPU
		{3905432B-EFEA-4F07-8AF8-5D356F505956}.Debug|Any CPU.Deploy.0 = Debug|Any CPU
		{3905432B-EFEA-4F07-8AF8-5D356F505956}.Debug|ARM.ActiveCfg = Debug|Any CPU
		{3905432B-EFEA-4F07-8AF8-5D356F505956}.Debug|ARM.Build.0 = Debug|Any CPU
		{3905432B-EFEA-4F07-8AF8-5D356F505956}.Debug|ARM.Deploy.0 = Debug|Any CPU
		{3905432B-EFEA-4F07-8AF8-5D356F505956}.Debug|iPhone.ActiveCfg = Debug|Any CPU
		{3905432B-EFEA-4F07-8AF8-5D356F505956}.Debug|iPhone.Build.0 = Debug|Any CPU
		{3905432B-EFEA-4F07-8AF8-5D356F505956}.Debug|iPhone.Deploy.0 = Debug|Any CPU
		{3905432B-EFEA-4F07-8AF8-5D356F505956}.Debug|iPhoneSimulator.ActiveCfg = Debug|Any CPU
		{3905432B-EFEA-4F07-8AF8-5D356F505956}.Debug|iPhoneSimulator.Build.0 = Debug|Any CPU
		{3905432B-EFEA-4F07-8AF8-5D356F505956}.Debug|iPhoneSimulator.Deploy.0 = Debug|Any CPU
		{3905432B-EFEA-4F07-8AF8-5D356F505956}.Debug|x64.ActiveCfg = Debug|Any CPU
		{3905432B-EFEA-4F07-8AF8-5D356F505956}.Debug|x64.Build.0 = Debug|Any CPU
		{3905432B-EFEA-4F07-8AF8-5D356F505956}.Debug|x64.Deploy.0 = Debug|Any CPU
		{3905432B-EFEA-4F07-8AF8-5D356F505956}.Debug|x86.ActiveCfg = Debug|Any CPU
		{3905432B-EFEA-4F07-8AF8-5D356F505956}.Debug|x86.Build.0 = Debug|Any CPU
		{3905432B-EFEA-4F07-8AF8-5D356F505956}.Debug|x86.Deploy.0 = Debug|Any CPU
		{3905432B-EFEA-4F07-8AF8-5D356F505956}.Release|Any CPU.ActiveCfg = Release|Any CPU
		{3905432B-EFEA-4F07-8AF8-5D356F505956}.Release|Any CPU.Build.0 = Release|Any CPU
		{3905432B-EFEA-4F07-8AF8-5D356F505956}.Release|Any CPU.Deploy.0 = Release|Any CPU
		{3905432B-EFEA-4F07-8AF8-5D356F505956}.Release|ARM.ActiveCfg = Release|Any CPU
		{3905432B-EFEA-4F07-8AF8-5D356F505956}.Release|ARM.Build.0 = Release|Any CPU
		{3905432B-EFEA-4F07-8AF8-5D356F505956}.Release|ARM.Deploy.0 = Release|Any CPU
		{3905432B-EFEA-4F07-8AF8-5D356F505956}.Release|iPhone.ActiveCfg = Release|Any CPU
		{3905432B-EFEA-4F07-8AF8-5D356F505956}.Release|iPhone.Build.0 = Release|Any CPU
		{3905432B-EFEA-4F07-8AF8-5D356F505956}.Release|iPhone.Deploy.0 = Release|Any CPU
		{3905432B-EFEA-4F07-8AF8-5D356F505956}.Release|iPhoneSimulator.ActiveCfg = Release|Any CPU
		{3905432B-EFEA-4F07-8AF8-5D356F505956}.Release|iPhoneSimulator.Build.0 = Release|Any CPU
		{3905432B-EFEA-4F07-8AF8-5D356F505956}.Release|iPhoneSimulator.Deploy.0 = Release|Any CPU
		{3905432B-EFEA-4F07-8AF8-5D356F505956}.Release|x64.ActiveCfg = Release|Any CPU
		{3905432B-EFEA-4F07-8AF8-5D356F505956}.Release|x64.Build.0 = Release|Any CPU
		{3905432B-EFEA-4F07-8AF8-5D356F505956}.Release|x64.Deploy.0 = Release|Any CPU
		{3905432B-EFEA-4F07-8AF8-5D356F505956}.Release|x86.ActiveCfg = Release|Any CPU
		{3905432B-EFEA-4F07-8AF8-5D356F505956}.Release|x86.Build.0 = Release|Any CPU
		{3905432B-EFEA-4F07-8AF8-5D356F505956}.Release|x86.Deploy.0 = Release|Any CPU
		{0C553304-2959-44D7-92D5-597950B71CCE}.Debug|Any CPU.ActiveCfg = Debug|Any CPU
		{0C553304-2959-44D7-92D5-597950B71CCE}.Debug|Any CPU.Build.0 = Debug|Any CPU
		{0C553304-2959-44D7-92D5-597950B71CCE}.Debug|ARM.ActiveCfg = Debug|Any CPU
		{0C553304-2959-44D7-92D5-597950B71CCE}.Debug|ARM.Build.0 = Debug|Any CPU
		{0C553304-2959-44D7-92D5-597950B71CCE}.Debug|iPhone.ActiveCfg = Debug|Any CPU
		{0C553304-2959-44D7-92D5-597950B71CCE}.Debug|iPhone.Build.0 = Debug|Any CPU
		{0C553304-2959-44D7-92D5-597950B71CCE}.Debug|iPhoneSimulator.ActiveCfg = Debug|Any CPU
		{0C553304-2959-44D7-92D5-597950B71CCE}.Debug|iPhoneSimulator.Build.0 = Debug|Any CPU
		{0C553304-2959-44D7-92D5-597950B71CCE}.Debug|x64.ActiveCfg = Debug|Any CPU
		{0C553304-2959-44D7-92D5-597950B71CCE}.Debug|x64.Build.0 = Debug|Any CPU
		{0C553304-2959-44D7-92D5-597950B71CCE}.Debug|x86.ActiveCfg = Debug|Any CPU
		{0C553304-2959-44D7-92D5-597950B71CCE}.Debug|x86.Build.0 = Debug|Any CPU
		{0C553304-2959-44D7-92D5-597950B71CCE}.Release|Any CPU.ActiveCfg = Release|Any CPU
		{0C553304-2959-44D7-92D5-597950B71CCE}.Release|Any CPU.Build.0 = Release|Any CPU
		{0C553304-2959-44D7-92D5-597950B71CCE}.Release|ARM.ActiveCfg = Release|Any CPU
		{0C553304-2959-44D7-92D5-597950B71CCE}.Release|ARM.Build.0 = Release|Any CPU
		{0C553304-2959-44D7-92D5-597950B71CCE}.Release|iPhone.ActiveCfg = Release|Any CPU
		{0C553304-2959-44D7-92D5-597950B71CCE}.Release|iPhone.Build.0 = Release|Any CPU
		{0C553304-2959-44D7-92D5-597950B71CCE}.Release|iPhoneSimulator.ActiveCfg = Release|Any CPU
		{0C553304-2959-44D7-92D5-597950B71CCE}.Release|iPhoneSimulator.Build.0 = Release|Any CPU
		{0C553304-2959-44D7-92D5-597950B71CCE}.Release|x64.ActiveCfg = Release|Any CPU
		{0C553304-2959-44D7-92D5-597950B71CCE}.Release|x64.Build.0 = Release|Any CPU
		{0C553304-2959-44D7-92D5-597950B71CCE}.Release|x86.ActiveCfg = Release|Any CPU
		{0C553304-2959-44D7-92D5-597950B71CCE}.Release|x86.Build.0 = Release|Any CPU
		{E2B8BDE3-0BEF-4EE0-A12C-440D0D03F453}.Debug|Any CPU.ActiveCfg = Debug|Any CPU
		{E2B8BDE3-0BEF-4EE0-A12C-440D0D03F453}.Debug|Any CPU.Build.0 = Debug|Any CPU
		{E2B8BDE3-0BEF-4EE0-A12C-440D0D03F453}.Debug|ARM.ActiveCfg = Debug|Any CPU
		{E2B8BDE3-0BEF-4EE0-A12C-440D0D03F453}.Debug|ARM.Build.0 = Debug|Any CPU
		{E2B8BDE3-0BEF-4EE0-A12C-440D0D03F453}.Debug|iPhone.ActiveCfg = Debug|Any CPU
		{E2B8BDE3-0BEF-4EE0-A12C-440D0D03F453}.Debug|iPhone.Build.0 = Debug|Any CPU
		{E2B8BDE3-0BEF-4EE0-A12C-440D0D03F453}.Debug|iPhoneSimulator.ActiveCfg = Debug|Any CPU
		{E2B8BDE3-0BEF-4EE0-A12C-440D0D03F453}.Debug|iPhoneSimulator.Build.0 = Debug|Any CPU
		{E2B8BDE3-0BEF-4EE0-A12C-440D0D03F453}.Debug|x64.ActiveCfg = Debug|Any CPU
		{E2B8BDE3-0BEF-4EE0-A12C-440D0D03F453}.Debug|x64.Build.0 = Debug|Any CPU
		{E2B8BDE3-0BEF-4EE0-A12C-440D0D03F453}.Debug|x86.ActiveCfg = Debug|Any CPU
		{E2B8BDE3-0BEF-4EE0-A12C-440D0D03F453}.Debug|x86.Build.0 = Debug|Any CPU
		{E2B8BDE3-0BEF-4EE0-A12C-440D0D03F453}.Release|Any CPU.ActiveCfg = Release|Any CPU
		{E2B8BDE3-0BEF-4EE0-A12C-440D0D03F453}.Release|Any CPU.Build.0 = Release|Any CPU
		{E2B8BDE3-0BEF-4EE0-A12C-440D0D03F453}.Release|ARM.ActiveCfg = Release|Any CPU
		{E2B8BDE3-0BEF-4EE0-A12C-440D0D03F453}.Release|ARM.Build.0 = Release|Any CPU
		{E2B8BDE3-0BEF-4EE0-A12C-440D0D03F453}.Release|iPhone.ActiveCfg = Release|Any CPU
		{E2B8BDE3-0BEF-4EE0-A12C-440D0D03F453}.Release|iPhone.Build.0 = Release|Any CPU
		{E2B8BDE3-0BEF-4EE0-A12C-440D0D03F453}.Release|iPhoneSimulator.ActiveCfg = Release|Any CPU
		{E2B8BDE3-0BEF-4EE0-A12C-440D0D03F453}.Release|iPhoneSimulator.Build.0 = Release|Any CPU
		{E2B8BDE3-0BEF-4EE0-A12C-440D0D03F453}.Release|x64.ActiveCfg = Release|Any CPU
		{E2B8BDE3-0BEF-4EE0-A12C-440D0D03F453}.Release|x64.Build.0 = Release|Any CPU
		{E2B8BDE3-0BEF-4EE0-A12C-440D0D03F453}.Release|x86.ActiveCfg = Release|Any CPU
		{E2B8BDE3-0BEF-4EE0-A12C-440D0D03F453}.Release|x86.Build.0 = Release|Any CPU
	EndGlobalSection
	GlobalSection(SolutionProperties) = preSolution
		HideSolutionNode = FALSE
	EndGlobalSection
	GlobalSection(ExtensibilityGlobals) = postSolution
		SolutionGuid = {091A24B4-81D1-437B-92B2-1622DE4C733B}
	EndGlobalSection
EndGlobal
